
Microsoft Visual Studio Solution File, Format Version 12.00
# Visual Studio Version 16
VisualStudioVersion = 16.0.31911.196
MinimumVisualStudioVersion = 10.0.40219.1
Project("{FAE04EC0-301F-11D3-BF4B-00C04F79EFBC}") = "ButtonTutorial.Android", "ButtonTutorial\ButtonTutorial.Android\ButtonTutorial.Android.csproj", "{4E7115D6-70BE-4EFA-B1D5-9023EFBCEB75}"
EndProject
Project("{FAE04EC0-301F-11D3-BF4B-00C04F79EFBC}") = "ButtonTutorial.iOS", "ButtonTutorial\ButtonTutorial.iOS\ButtonTutorial.iOS.csproj", "{0C894754-7323-495D-AC3B-84864020EC41}"
EndProject
Project("{FAE04EC0-301F-11D3-BF4B-00C04F79EFBC}") = "ButtonTutorial", "ButtonTutorial\ButtonTutorial\ButtonTutorial.csproj", "{9B733F13-75D8-4995-BB8C-39F5A3EC2718}"
EndProject
Global
	GlobalSection(SolutionConfigurationPlatforms) = preSolution
		Debug|Any CPU = Debug|Any CPU
		Debug|iPhone = Debug|iPhone
		Debug|iPhoneSimulator = Debug|iPhoneSimulator
		Release|Any CPU = Release|Any CPU
		Release|iPhone = Release|iPhone
		Release|iPhoneSimulator = Release|iPhoneSimulator
	EndGlobalSection
	GlobalSection(ProjectConfigurationPlatforms) = postSolution
		{4E7115D6-70BE-4EFA-B1D5-9023EFBCEB75}.Debug|Any CPU.ActiveCfg = Debug|Any CPU
		{4E7115D6-70BE-4EFA-B1D5-9023EFBCEB75}.Debug|Any CPU.Build.0 = Debug|Any CPU
		{4E7115D6-70BE-4EFA-B1D5-9023EFBCEB75}.Debug|Any CPU.Deploy.0 = Debug|Any CPU
		{4E7115D6-70BE-4EFA-B1D5-9023EFBCEB75}.Debug|iPhone.ActiveCfg = Debug|Any CPU
		{4E7115D6-70BE-4EFA-B1D5-9023EFBCEB75}.Debug|iPhone.Build.0 = Debug|Any CPU
		{4E7115D6-70BE-4EFA-B1D5-9023EFBCEB75}.Debug|iPhone.Deploy.0 = Debug|Any CPU
		{4E7115D6-70BE-4EFA-B1D5-9023EFBCEB75}.Debug|iPhoneSimulator.ActiveCfg = Debug|Any CPU
		{4E7115D6-70BE-4EFA-B1D5-9023EFBCEB75}.Debug|iPhoneSimulator.Build.0 = Debug|Any CPU
		{4E7115D6-70BE-4EFA-B1D5-9023EFBCEB75}.Debug|iPhoneSimulator.Deploy.0 = Debug|Any CPU
		{4E7115D6-70BE-4EFA-B1D5-9023EFBCEB75}.Release|Any CPU.ActiveCfg = Release|Any CPU
		{4E7115D6-70BE-4EFA-B1D5-9023EFBCEB75}.Release|Any CPU.Build.0 = Release|Any CPU
		{4E7115D6-70BE-4EFA-B1D5-9023EFBCEB75}.Release|Any CPU.Deploy.0 = Release|Any CPU
		{4E7115D6-70BE-4EFA-B1D5-9023EFBCEB75}.Release|iPhone.ActiveCfg = Release|Any CPU
		{4E7115D6-70BE-4EFA-B1D5-9023EFBCEB75}.Release|iPhone.Build.0 = Release|Any CPU
		{4E7115D6-70BE-4EFA-B1D5-9023EFBCEB75}.Release|iPhone.Deploy.0 = Release|Any CPU
		{4E7115D6-70BE-4EFA-B1D5-9023EFBCEB75}.Release|iPhoneSimulator.ActiveCfg = Release|Any CPU
		{4E7115D6-70BE-4EFA-B1D5-9023EFBCEB75}.Release|iPhoneSimulator.Build.0 = Release|Any CPU
		{4E7115D6-70BE-4EFA-B1D5-9023EFBCEB75}.Release|iPhoneSimulator.Deploy.0 = Release|Any CPU
		{0C894754-7323-495D-AC3B-84864020EC41}.Debug|Any CPU.ActiveCfg = Debug|iPhone
		{0C894754-7323-495D-AC3B-84864020EC41}.Debug|Any CPU.Build.0 = Debug|iPhone
		{0C894754-7323-495D-AC3B-84864020EC41}.Debug|Any CPU.Deploy.0 = Debug|iPhone
		{0C894754-7323-495D-AC3B-84864020EC41}.Debug|iPhone.ActiveCfg = Debug|iPhone
		{0C894754-7323-495D-AC3B-84864020EC41}.Debug|iPhone.Build.0 = Debug|iPhone
		{0C894754-7323-495D-AC3B-84864020EC41}.Debug|iPhone.Deploy.0 = Debug|iPhone
		{0C894754-7323-495D-AC3B-84864020EC41}.Debug|iPhoneSimulator.ActiveCfg = Debug|iPhoneSimulator
		{0C894754-7323-495D-AC3B-84864020EC41}.Debug|iPhoneSimulator.Build.0 = Debug|iPhoneSimulator
		{0C894754-7323-495D-AC3B-84864020EC41}.Debug|iPhoneSimulator.Deploy.0 = Debug|iPhoneSimulator
		{0C894754-7323-495D-AC3B-84864020EC41}.Release|Any CPU.ActiveCfg = Release|iPhoneSimulator
		{0C894754-7323-495D-AC3B-84864020EC41}.Release|Any CPU.Build.0 = Release|iPhoneSimulator
		{0C894754-7323-495D-AC3B-84864020EC41}.Release|Any CPU.Deploy.0 = Release|iPhoneSimulator
		{0C894754-7323-495D-AC3B-84864020EC41}.Release|iPhone.ActiveCfg = Release|iPhone
		{0C894754-7323-495D-AC3B-84864020EC41}.Release|iPhone.Build.0 = Release|iPhone
		{0C894754-7323-495D-AC3B-84864020EC41}.Release|iPhone.Deploy.0 = Release|iPhone
		{0C894754-7323-495D-AC3B-84864020EC41}.Release|iPhoneSimulator.ActiveCfg = Release|iPhoneSimulator
		{0C894754-7323-495D-AC3B-84864020EC41}.Release|iPhoneSimulator.Build.0 = Release|iPhoneSimulator
		{0C894754-7323-495D-AC3B-84864020EC41}.Release|iPhoneSimulator.Deploy.0 = Release|iPhoneSimulator
		{9B733F13-75D8-4995-BB8C-39F5A3EC2718}.Debug|Any CPU.ActiveCfg = Debug|Any CPU
		{9B733F13-75D8-4995-BB8C-39F5A3EC2718}.Debug|Any CPU.Build.0 = Debug|Any CPU
		{9B733F13-75D8-4995-BB8C-39F5A3EC2718}.Debug|Any CPU.Deploy.0 = Debug|Any CPU
		{9B733F13-75D8-4995-BB8C-39F5A3EC2718}.Debug|iPhone.ActiveCfg = Debug|Any CPU
		{9B733F13-75D8-4995-BB8C-39F5A3EC2718}.Debug|iPhone.Build.0 = Debug|Any CPU
		{9B733F13-75D8-4995-BB8C-39F5A3EC2718}.Debug|iPhone.Deploy.0 = Debug|Any CPU
		{9B733F13-75D8-4995-BB8C-39F5A3EC2718}.Debug|iPhoneSimulator.ActiveCfg = Debug|Any CPU
		{9B733F13-75D8-4995-BB8C-39F5A3EC2718}.Debug|iPhoneSimulator.Build.0 = Debug|Any CPU
		{9B733F13-75D8-4995-BB8C-39F5A3EC2718}.Debug|iPhoneSimulator.Deploy.0 = Debug|Any CPU
		{9B733F13-75D8-4995-BB8C-39F5A3EC2718}.Release|Any CPU.ActiveCfg = Release|Any CPU
		{9B733F13-75D8-4995-BB8C-39F5A3EC2718}.Release|Any CPU.Build.0 = Release|Any CPU
		{9B733F13-75D8-4995-BB8C-39F5A3EC2718}.Release|Any CPU.Deploy.0 = Release|Any CPU
		{9B733F13-75D8-4995-BB8C-39F5A3EC2718}.Release|iPhone.ActiveCfg = Release|Any CPU
		{9B733F13-75D8-4995-BB8C-39F5A3EC2718}.Release|iPhone.Build.0 = Release|Any CPU
		{9B733F13-75D8-4995-BB8C-39F5A3EC2718}.Release|iPhone.Deploy.0 = Release|Any CPU
		{9B733F13-75D8-4995-BB8C-39F5A3EC2718}.Release|iPhoneSimulator.ActiveCfg = Release|Any CPU
		{9B733F13-75D8-4995-BB8C-39F5A3EC2718}.Release|iPhoneSimulator.Build.0 = Release|Any CPU
		{9B733F13-75D8-4995-BB8C-39F5A3EC2718}.Release|iPhoneSimulator.Deploy.0 = Release|Any CPU
	EndGlobalSection
	GlobalSection(SolutionProperties) = preSolution
		HideSolutionNode = FALSE
	EndGlobalSection
	GlobalSection(ExtensibilityGlobals) = postSolution
		SolutionGuid = {86455127-2AAE-42D4-B12E-69ABB7EE2CC8}
	EndGlobalSection
EndGlobal
